// !$*UTF8*$!
{
	archiveVersion = 1;
	classes = {
	};
	objectVersion = 56;
	objects = {

/* Begin PBXBuildFile section */
		CB6B2900295215990078EFD0 /* Color+Extensions.swift in Sources */ = {isa = PBXBuildFile; fileRef = CB6B28FF295215990078EFD0 /* Color+Extensions.swift */; };
		CB6B290229521A570078EFD0 /* ArticlesStore.swift in Sources */ = {isa = PBXBuildFile; fileRef = CB6B290129521A560078EFD0 /* ArticlesStore.swift */; };
		CB6B290429521A5E0078EFD0 /* ArticlesViewModel.swift in Sources */ = {isa = PBXBuildFile; fileRef = CB6B290329521A5E0078EFD0 /* ArticlesViewModel.swift */; };
		CB6B290629521A980078EFD0 /* ArticlesRepository.swift in Sources */ = {isa = PBXBuildFile; fileRef = CB6B290529521A980078EFD0 /* ArticlesRepository.swift */; };
		CB6B290829521BCC0078EFD0 /* ArticleViewModel.swift in Sources */ = {isa = PBXBuildFile; fileRef = CB6B290729521BCC0078EFD0 /* ArticleViewModel.swift */; };
		CB6B290B29521F600078EFD0 /* ArticleRowView.swift in Sources */ = {isa = PBXBuildFile; fileRef = CB6B290A29521F600078EFD0 /* ArticleRowView.swift */; };
		CB6B290D29521FC50078EFD0 /* SampleModels.swift in Sources */ = {isa = PBXBuildFile; fileRef = CB6B290C29521FC50078EFD0 /* SampleModels.swift */; };
		CB77B92529510F15001C0461 /* SwiftByteApp.swift in Sources */ = {isa = PBXBuildFile; fileRef = CB77B92429510F15001C0461 /* SwiftByteApp.swift */; };
		CB77B92729510F15001C0461 /* ContentView.swift in Sources */ = {isa = PBXBuildFile; fileRef = CB77B92629510F15001C0461 /* ContentView.swift */; };
		CB77B92929510F17001C0461 /* Assets.xcassets in Resources */ = {isa = PBXBuildFile; fileRef = CB77B92829510F17001C0461 /* Assets.xcassets */; };
		CB77B92C29510F17001C0461 /* Preview Assets.xcassets in Resources */ = {isa = PBXBuildFile; fileRef = CB77B92B29510F17001C0461 /* Preview Assets.xcassets */; };
		CB77B92E29510F17001C0461 /* Persistence.swift in Sources */ = {isa = PBXBuildFile; fileRef = CB77B92D29510F17001C0461 /* Persistence.swift */; };
		CB77B93129510F17001C0461 /* SwiftByte.xcdatamodeld in Sources */ = {isa = PBXBuildFile; fileRef = CB77B92F29510F17001C0461 /* SwiftByte.xcdatamodeld */; };
		CB77B93B29510F17001C0461 /* SwiftByteTests.swift in Sources */ = {isa = PBXBuildFile; fileRef = CB77B93A29510F17001C0461 /* SwiftByteTests.swift */; };
		CB77B94529510F17001C0461 /* SwiftByteUITests.swift in Sources */ = {isa = PBXBuildFile; fileRef = CB77B94429510F17001C0461 /* SwiftByteUITests.swift */; };
		CB77B94729510F17001C0461 /* SwiftByteUITestsLaunchTests.swift in Sources */ = {isa = PBXBuildFile; fileRef = CB77B94629510F17001C0461 /* SwiftByteUITestsLaunchTests.swift */; };
		CB77B95C29511735001C0461 /* AuthenticationView.swift in Sources */ = {isa = PBXBuildFile; fileRef = CB77B95B29511735001C0461 /* AuthenticationView.swift */; };
		CB77B95E2951173D001C0461 /* HomeView.swift in Sources */ = {isa = PBXBuildFile; fileRef = CB77B95D2951173D001C0461 /* HomeView.swift */; };
		CB77B96029511744001C0461 /* ArticleView.swift in Sources */ = {isa = PBXBuildFile; fileRef = CB77B95F29511744001C0461 /* ArticleView.swift */; };
		CB77B9622951174A001C0461 /* TopicView.swift in Sources */ = {isa = PBXBuildFile; fileRef = CB77B9612951174A001C0461 /* TopicView.swift */; };
		CB77B96929511B91001C0461 /* GoogleService-Info.plist in Resources */ = {isa = PBXBuildFile; fileRef = CB77B96829511B91001C0461 /* GoogleService-Info.plist */; };
		CB77B96C29511DBF001C0461 /* FirebaseAnalyticsWithoutAdIdSupport in Frameworks */ = {isa = PBXBuildFile; productRef = CB77B96B29511DBF001C0461 /* FirebaseAnalyticsWithoutAdIdSupport */; };
		CB77B96E29511DBF001C0461 /* FirebaseAuth in Frameworks */ = {isa = PBXBuildFile; productRef = CB77B96D29511DBF001C0461 /* FirebaseAuth */; };
		CB77B97029511DBF001C0461 /* FirebaseDatabaseSwift in Frameworks */ = {isa = PBXBuildFile; productRef = CB77B96F29511DBF001C0461 /* FirebaseDatabaseSwift */; };
		CB77B97229511DBF001C0461 /* FirebaseFirestoreCombine-Community in Frameworks */ = {isa = PBXBuildFile; productRef = CB77B97129511DBF001C0461 /* FirebaseFirestoreCombine-Community */; };
		CB77B97429511DBF001C0461 /* FirebaseFirestoreSwift in Frameworks */ = {isa = PBXBuildFile; productRef = CB77B97329511DBF001C0461 /* FirebaseFirestoreSwift */; };
		CB77B97629511DBF001C0461 /* FirebaseFunctions in Frameworks */ = {isa = PBXBuildFile; productRef = CB77B97529511DBF001C0461 /* FirebaseFunctions */; };
		CB77B97829511DBF001C0461 /* FirebaseFunctionsCombine-Community in Frameworks */ = {isa = PBXBuildFile; productRef = CB77B97729511DBF001C0461 /* FirebaseFunctionsCombine-Community */; };
		CB77B97A29511DBF001C0461 /* FirebaseInAppMessagingSwift-Beta in Frameworks */ = {isa = PBXBuildFile; productRef = CB77B97929511DBF001C0461 /* FirebaseInAppMessagingSwift-Beta */; };
		CB77B97C29511DBF001C0461 /* FirebaseMessaging in Frameworks */ = {isa = PBXBuildFile; productRef = CB77B97B29511DBF001C0461 /* FirebaseMessaging */; };
		CB77B97E29511DBF001C0461 /* FirebaseRemoteConfigSwift in Frameworks */ = {isa = PBXBuildFile; productRef = CB77B97D29511DBF001C0461 /* FirebaseRemoteConfigSwift */; };
		CB77B98029511DBF001C0461 /* FirebaseStorage in Frameworks */ = {isa = PBXBuildFile; productRef = CB77B97F29511DBF001C0461 /* FirebaseStorage */; };
		CB77B98229511DBF001C0461 /* FirebaseStorageCombine-Community in Frameworks */ = {isa = PBXBuildFile; productRef = CB77B98129511DBF001C0461 /* FirebaseStorageCombine-Community */; };
		CB77B98429511DE0001C0461 /* AppDelegate.swift in Sources */ = {isa = PBXBuildFile; fileRef = CB77B98329511DE0001C0461 /* AppDelegate.swift */; };
		CB77B98629511E2F001C0461 /* AppConstants.swift in Sources */ = {isa = PBXBuildFile; fileRef = CB77B98529511E2F001C0461 /* AppConstants.swift */; };
		CB77B98829511E36001C0461 /* AppLocalKeys.swift in Sources */ = {isa = PBXBuildFile; fileRef = CB77B98729511E36001C0461 /* AppLocalKeys.swift */; };
		CB77B98A29511E90001C0461 /* UserDefaults+Extension.swift in Sources */ = {isa = PBXBuildFile; fileRef = CB77B98929511E90001C0461 /* UserDefaults+Extension.swift */; };
		CB77B98D29511F3F001C0461 /* DebugePrinters.swift in Sources */ = {isa = PBXBuildFile; fileRef = CB77B98C29511F3F001C0461 /* DebugePrinters.swift */; };
		CB77B98F29511F74001C0461 /* SceneDelegate.swift in Sources */ = {isa = PBXBuildFile; fileRef = CB77B98E29511F74001C0461 /* SceneDelegate.swift */; };
		CB77B992295125A7001C0461 /* PhotoPickerView.swift in Sources */ = {isa = PBXBuildFile; fileRef = CB77B991295125A7001C0461 /* PhotoPickerView.swift */; };
		CB77B99429512604001C0461 /* Font+Extension.swift in Sources */ = {isa = PBXBuildFile; fileRef = CB77B99329512604001C0461 /* Font+Extension.swift */; };
		CB77B99629512649001C0461 /* SBGender.swift in Sources */ = {isa = PBXBuildFile; fileRef = CB77B99529512649001C0461 /* SBGender.swift */; };
		CB77B9982951264F001C0461 /* SBArticle.swift in Sources */ = {isa = PBXBuildFile; fileRef = CB77B9972951264F001C0461 /* SBArticle.swift */; };
		CB77B99A29512653001C0461 /* SBTopic.swift in Sources */ = {isa = PBXBuildFile; fileRef = CB77B99929512653001C0461 /* SBTopic.swift */; };
		CB77B99D29512694001C0461 /* SBEmailAddress.swift in Sources */ = {isa = PBXBuildFile; fileRef = CB77B99C29512694001C0461 /* SBEmailAddress.swift */; };
		CB77B9A22951297D001C0461 /* GoogleSignIn in Frameworks */ = {isa = PBXBuildFile; productRef = CB77B9A12951297D001C0461 /* GoogleSignIn */; };
		CB77B9A42951297D001C0461 /* GoogleSignInSwift in Frameworks */ = {isa = PBXBuildFile; productRef = CB77B9A32951297D001C0461 /* GoogleSignInSwift */; };
		CB77B9A829512A1D001C0461 /* View+Extension.swift in Sources */ = {isa = PBXBuildFile; fileRef = CB77B9A729512A1D001C0461 /* View+Extension.swift */; };
		CB77B9AA29512B50001C0461 /* SBUser.swift in Sources */ = {isa = PBXBuildFile; fileRef = CB77B9A929512B50001C0461 /* SBUser.swift */; };
		CB77B9AD29512B96001C0461 /* FirestoreEntity+Protocol.swift in Sources */ = {isa = PBXBuildFile; fileRef = CB77B9AC29512B96001C0461 /* FirestoreEntity+Protocol.swift */; };
		CB77B9AF29512BBE001C0461 /* SBCollectionName.swift in Sources */ = {isa = PBXBuildFile; fileRef = CB77B9AE29512BBE001C0461 /* SBCollectionName.swift */; };
		CB77B9B129512BDE001C0461 /* Firestore+Extension.swift in Sources */ = {isa = PBXBuildFile; fileRef = CB77B9B029512BDE001C0461 /* Firestore+Extension.swift */; };
		CB77B9B329512C05001C0461 /* SBErrors.swift in Sources */ = {isa = PBXBuildFile; fileRef = CB77B9B229512C05001C0461 /* SBErrors.swift */; };
		CB77B9B529512EE7001C0461 /* AppSignInAuthenticator.swift in Sources */ = {isa = PBXBuildFile; fileRef = CB77B9B429512EE7001C0461 /* AppSignInAuthenticator.swift */; };
		CB77B9B729512F06001C0461 /* AuthenticationViewModel.swift in Sources */ = {isa = PBXBuildFile; fileRef = CB77B9B629512F06001C0461 /* AuthenticationViewModel.swift */; };
		CB77B9B929513120001C0461 /* SBFireBaseImageUploader.swift in Sources */ = {isa = PBXBuildFile; fileRef = CB77B9B829513120001C0461 /* SBFireBaseImageUploader.swift */; };
		CB77B9BD29513145001C0461 /* SBFBFilePath.swift in Sources */ = {isa = PBXBuildFile; fileRef = CB77B9BC29513145001C0461 /* SBFBFilePath.swift */; };
		CB77B9BF2951316E001C0461 /* SBFileExtension.swift in Sources */ = {isa = PBXBuildFile; fileRef = CB77B9BE2951316E001C0461 /* SBFileExtension.swift */; };
		CBCCA1B22951DBD6004B0ACC /* AppLocalStorage.swift in Sources */ = {isa = PBXBuildFile; fileRef = CBCCA1B12951DBD6004B0ACC /* AppLocalStorage.swift */; };
/* End PBXBuildFile section */

/* Begin PBXContainerItemProxy section */
		CB77B93729510F17001C0461 /* PBXContainerItemProxy */ = {
			isa = PBXContainerItemProxy;
			containerPortal = CB77B91929510F15001C0461 /* Project object */;
			proxyType = 1;
			remoteGlobalIDString = CB77B92029510F15001C0461;
			remoteInfo = SwiftByte;
		};
		CB77B94129510F17001C0461 /* PBXContainerItemProxy */ = {
			isa = PBXContainerItemProxy;
			containerPortal = CB77B91929510F15001C0461 /* Project object */;
			proxyType = 1;
			remoteGlobalIDString = CB77B92029510F15001C0461;
			remoteInfo = SwiftByte;
		};
/* End PBXContainerItemProxy section */

/* Begin PBXFileReference section */
		CB6B28FF295215990078EFD0 /* Color+Extensions.swift */ = {isa = PBXFileReference; lastKnownFileType = sourcecode.swift; path = "Color+Extensions.swift"; sourceTree = "<group>"; };
		CB6B290129521A560078EFD0 /* ArticlesStore.swift */ = {isa = PBXFileReference; lastKnownFileType = sourcecode.swift; path = ArticlesStore.swift; sourceTree = "<group>"; };
		CB6B290329521A5E0078EFD0 /* ArticlesViewModel.swift */ = {isa = PBXFileReference; lastKnownFileType = sourcecode.swift; path = ArticlesViewModel.swift; sourceTree = "<group>"; };
		CB6B290529521A980078EFD0 /* ArticlesRepository.swift */ = {isa = PBXFileReference; lastKnownFileType = sourcecode.swift; path = ArticlesRepository.swift; sourceTree = "<group>"; };
		CB6B290729521BCC0078EFD0 /* ArticleViewModel.swift */ = {isa = PBXFileReference; lastKnownFileType = sourcecode.swift; path = ArticleViewModel.swift; sourceTree = "<group>"; };
		CB6B290A29521F600078EFD0 /* ArticleRowView.swift */ = {isa = PBXFileReference; lastKnownFileType = sourcecode.swift; path = ArticleRowView.swift; sourceTree = "<group>"; };
		CB6B290C29521FC50078EFD0 /* SampleModels.swift */ = {isa = PBXFileReference; lastKnownFileType = sourcecode.swift; path = SampleModels.swift; sourceTree = "<group>"; };
		CB77B92129510F15001C0461 /* SwiftByte.app */ = {isa = PBXFileReference; explicitFileType = wrapper.application; includeInIndex = 0; path = SwiftByte.app; sourceTree = BUILT_PRODUCTS_DIR; };
		CB77B92429510F15001C0461 /* SwiftByteApp.swift */ = {isa = PBXFileReference; lastKnownFileType = sourcecode.swift; path = SwiftByteApp.swift; sourceTree = "<group>"; };
		CB77B92629510F15001C0461 /* ContentView.swift */ = {isa = PBXFileReference; lastKnownFileType = sourcecode.swift; path = ContentView.swift; sourceTree = "<group>"; };
		CB77B92829510F17001C0461 /* Assets.xcassets */ = {isa = PBXFileReference; lastKnownFileType = folder.assetcatalog; path = Assets.xcassets; sourceTree = "<group>"; };
		CB77B92B29510F17001C0461 /* Preview Assets.xcassets */ = {isa = PBXFileReference; lastKnownFileType = folder.assetcatalog; path = "Preview Assets.xcassets"; sourceTree = "<group>"; };
		CB77B92D29510F17001C0461 /* Persistence.swift */ = {isa = PBXFileReference; lastKnownFileType = sourcecode.swift; path = Persistence.swift; sourceTree = "<group>"; };
		CB77B93029510F17001C0461 /* SwiftByte.xcdatamodel */ = {isa = PBXFileReference; lastKnownFileType = wrapper.xcdatamodel; path = SwiftByte.xcdatamodel; sourceTree = "<group>"; };
		CB77B93629510F17001C0461 /* SwiftByteTests.xctest */ = {isa = PBXFileReference; explicitFileType = wrapper.cfbundle; includeInIndex = 0; path = SwiftByteTests.xctest; sourceTree = BUILT_PRODUCTS_DIR; };
		CB77B93A29510F17001C0461 /* SwiftByteTests.swift */ = {isa = PBXFileReference; lastKnownFileType = sourcecode.swift; path = SwiftByteTests.swift; sourceTree = "<group>"; };
		CB77B94029510F17001C0461 /* SwiftByteUITests.xctest */ = {isa = PBXFileReference; explicitFileType = wrapper.cfbundle; includeInIndex = 0; path = SwiftByteUITests.xctest; sourceTree = BUILT_PRODUCTS_DIR; };
		CB77B94429510F17001C0461 /* SwiftByteUITests.swift */ = {isa = PBXFileReference; lastKnownFileType = sourcecode.swift; path = SwiftByteUITests.swift; sourceTree = "<group>"; };
		CB77B94629510F17001C0461 /* SwiftByteUITestsLaunchTests.swift */ = {isa = PBXFileReference; lastKnownFileType = sourcecode.swift; path = SwiftByteUITestsLaunchTests.swift; sourceTree = "<group>"; };
		CB77B95329511653001C0461 /* Info.plist */ = {isa = PBXFileReference; lastKnownFileType = text.plist; path = Info.plist; sourceTree = "<group>"; };
		CB77B95B29511735001C0461 /* AuthenticationView.swift */ = {isa = PBXFileReference; lastKnownFileType = sourcecode.swift; path = AuthenticationView.swift; sourceTree = "<group>"; };
		CB77B95D2951173D001C0461 /* HomeView.swift */ = {isa = PBXFileReference; lastKnownFileType = sourcecode.swift; path = HomeView.swift; sourceTree = "<group>"; };
		CB77B95F29511744001C0461 /* ArticleView.swift */ = {isa = PBXFileReference; lastKnownFileType = sourcecode.swift; path = ArticleView.swift; sourceTree = "<group>"; };
		CB77B9612951174A001C0461 /* TopicView.swift */ = {isa = PBXFileReference; lastKnownFileType = sourcecode.swift; path = TopicView.swift; sourceTree = "<group>"; };
		CB77B96729511A8D001C0461 /* SwiftByte.entitlements */ = {isa = PBXFileReference; lastKnownFileType = text.plist.entitlements; path = SwiftByte.entitlements; sourceTree = "<group>"; };
		CB77B96829511B91001C0461 /* GoogleService-Info.plist */ = {isa = PBXFileReference; fileEncoding = 4; lastKnownFileType = text.plist.xml; path = "GoogleService-Info.plist"; sourceTree = "<group>"; };
		CB77B98329511DE0001C0461 /* AppDelegate.swift */ = {isa = PBXFileReference; lastKnownFileType = sourcecode.swift; path = AppDelegate.swift; sourceTree = "<group>"; };
		CB77B98529511E2F001C0461 /* AppConstants.swift */ = {isa = PBXFileReference; lastKnownFileType = sourcecode.swift; path = AppConstants.swift; sourceTree = "<group>"; };
		CB77B98729511E36001C0461 /* AppLocalKeys.swift */ = {isa = PBXFileReference; lastKnownFileType = sourcecode.swift; path = AppLocalKeys.swift; sourceTree = "<group>"; };
		CB77B98929511E90001C0461 /* UserDefaults+Extension.swift */ = {isa = PBXFileReference; lastKnownFileType = sourcecode.swift; path = "UserDefaults+Extension.swift"; sourceTree = "<group>"; };
		CB77B98C29511F3F001C0461 /* DebugePrinters.swift */ = {isa = PBXFileReference; lastKnownFileType = sourcecode.swift; path = DebugePrinters.swift; sourceTree = "<group>"; };
		CB77B98E29511F74001C0461 /* SceneDelegate.swift */ = {isa = PBXFileReference; lastKnownFileType = sourcecode.swift; path = SceneDelegate.swift; sourceTree = "<group>"; };
		CB77B991295125A7001C0461 /* PhotoPickerView.swift */ = {isa = PBXFileReference; lastKnownFileType = sourcecode.swift; path = PhotoPickerView.swift; sourceTree = "<group>"; };
		CB77B99329512604001C0461 /* Font+Extension.swift */ = {isa = PBXFileReference; lastKnownFileType = sourcecode.swift; path = "Font+Extension.swift"; sourceTree = "<group>"; };
		CB77B99529512649001C0461 /* SBGender.swift */ = {isa = PBXFileReference; lastKnownFileType = sourcecode.swift; path = SBGender.swift; sourceTree = "<group>"; };
		CB77B9972951264F001C0461 /* SBArticle.swift */ = {isa = PBXFileReference; lastKnownFileType = sourcecode.swift; path = SBArticle.swift; sourceTree = "<group>"; };
		CB77B99929512653001C0461 /* SBTopic.swift */ = {isa = PBXFileReference; lastKnownFileType = sourcecode.swift; path = SBTopic.swift; sourceTree = "<group>"; };
		CB77B99C29512694001C0461 /* SBEmailAddress.swift */ = {isa = PBXFileReference; lastKnownFileType = sourcecode.swift; path = SBEmailAddress.swift; sourceTree = "<group>"; };
		CB77B9A729512A1D001C0461 /* View+Extension.swift */ = {isa = PBXFileReference; lastKnownFileType = sourcecode.swift; path = "View+Extension.swift"; sourceTree = "<group>"; };
		CB77B9A929512B50001C0461 /* SBUser.swift */ = {isa = PBXFileReference; lastKnownFileType = sourcecode.swift; path = SBUser.swift; sourceTree = "<group>"; };
		CB77B9AC29512B96001C0461 /* FirestoreEntity+Protocol.swift */ = {isa = PBXFileReference; lastKnownFileType = sourcecode.swift; path = "FirestoreEntity+Protocol.swift"; sourceTree = "<group>"; };
		CB77B9AE29512BBE001C0461 /* SBCollectionName.swift */ = {isa = PBXFileReference; lastKnownFileType = sourcecode.swift; path = SBCollectionName.swift; sourceTree = "<group>"; };
		CB77B9B029512BDE001C0461 /* Firestore+Extension.swift */ = {isa = PBXFileReference; lastKnownFileType = sourcecode.swift; path = "Firestore+Extension.swift"; sourceTree = "<group>"; };
		CB77B9B229512C05001C0461 /* SBErrors.swift */ = {isa = PBXFileReference; lastKnownFileType = sourcecode.swift; path = SBErrors.swift; sourceTree = "<group>"; };
		CB77B9B429512EE7001C0461 /* AppSignInAuthenticator.swift */ = {isa = PBXFileReference; lastKnownFileType = sourcecode.swift; path = AppSignInAuthenticator.swift; sourceTree = "<group>"; };
		CB77B9B629512F06001C0461 /* AuthenticationViewModel.swift */ = {isa = PBXFileReference; lastKnownFileType = sourcecode.swift; path = AuthenticationViewModel.swift; sourceTree = "<group>"; };
		CB77B9B829513120001C0461 /* SBFireBaseImageUploader.swift */ = {isa = PBXFileReference; lastKnownFileType = sourcecode.swift; path = SBFireBaseImageUploader.swift; sourceTree = "<group>"; };
		CB77B9BC29513145001C0461 /* SBFBFilePath.swift */ = {isa = PBXFileReference; lastKnownFileType = sourcecode.swift; path = SBFBFilePath.swift; sourceTree = "<group>"; };
		CB77B9BE2951316E001C0461 /* SBFileExtension.swift */ = {isa = PBXFileReference; lastKnownFileType = sourcecode.swift; path = SBFileExtension.swift; sourceTree = "<group>"; };
		CBCCA1B12951DBD6004B0ACC /* AppLocalStorage.swift */ = {isa = PBXFileReference; lastKnownFileType = sourcecode.swift; path = AppLocalStorage.swift; sourceTree = "<group>"; };
/* End PBXFileReference section */

/* Begin PBXFrameworksBuildPhase section */
		CB77B91E29510F15001C0461 /* Frameworks */ = {
			isa = PBXFrameworksBuildPhase;
			buildActionMask = 2147483647;
			files = (
				CB77B97C29511DBF001C0461 /* FirebaseMessaging in Frameworks */,
				CB77B97829511DBF001C0461 /* FirebaseFunctionsCombine-Community in Frameworks */,
				CB77B97429511DBF001C0461 /* FirebaseFirestoreSwift in Frameworks */,
				CB77B9A22951297D001C0461 /* GoogleSignIn in Frameworks */,
				CB77B97A29511DBF001C0461 /* FirebaseInAppMessagingSwift-Beta in Frameworks */,
				CB77B97029511DBF001C0461 /* FirebaseDatabaseSwift in Frameworks */,
				CB77B97229511DBF001C0461 /* FirebaseFirestoreCombine-Community in Frameworks */,
				CB77B97629511DBF001C0461 /* FirebaseFunctions in Frameworks */,
				CB77B97E29511DBF001C0461 /* FirebaseRemoteConfigSwift in Frameworks */,
				CB77B9A42951297D001C0461 /* GoogleSignInSwift in Frameworks */,
				CB77B98029511DBF001C0461 /* FirebaseStorage in Frameworks */,
				CB77B96C29511DBF001C0461 /* FirebaseAnalyticsWithoutAdIdSupport in Frameworks */,
				CB77B98229511DBF001C0461 /* FirebaseStorageCombine-Community in Frameworks */,
				CB77B96E29511DBF001C0461 /* FirebaseAuth in Frameworks */,
			);
			runOnlyForDeploymentPostprocessing = 0;
		};
		CB77B93329510F17001C0461 /* Frameworks */ = {
			isa = PBXFrameworksBuildPhase;
			buildActionMask = 2147483647;
			files = (
			);
			runOnlyForDeploymentPostprocessing = 0;
		};
		CB77B93D29510F17001C0461 /* Frameworks */ = {
			isa = PBXFrameworksBuildPhase;
			buildActionMask = 2147483647;
			files = (
			);
			runOnlyForDeploymentPostprocessing = 0;
		};
/* End PBXFrameworksBuildPhase section */

/* Begin PBXGroup section */
		CB6B290929521F280078EFD0 /* Views */ = {
			isa = PBXGroup;
			children = (
				CB77B92629510F15001C0461 /* ContentView.swift */,
				CB77B95B29511735001C0461 /* AuthenticationView.swift */,
				CB77B95F29511744001C0461 /* ArticleView.swift */,
				CB6B290A29521F600078EFD0 /* ArticleRowView.swift */,
				CB77B95D2951173D001C0461 /* HomeView.swift */,
				CB77B9612951174A001C0461 /* TopicView.swift */,
			);
			path = Views;
			sourceTree = "<group>";
		};
		CB77B91829510F15001C0461 = {
			isa = PBXGroup;
			children = (
				CB77B92329510F15001C0461 /* SwiftByte */,
				CB77B93929510F17001C0461 /* SwiftByteTests */,
				CB77B94329510F17001C0461 /* SwiftByteUITests */,
				CB77B92229510F15001C0461 /* Products */,
			);
			sourceTree = "<group>";
		};
		CB77B92229510F15001C0461 /* Products */ = {
			isa = PBXGroup;
			children = (
				CB77B92129510F15001C0461 /* SwiftByte.app */,
				CB77B93629510F17001C0461 /* SwiftByteTests.xctest */,
				CB77B94029510F17001C0461 /* SwiftByteUITests.xctest */,
			);
			name = Products;
			sourceTree = "<group>";
		};
		CB77B92329510F15001C0461 /* SwiftByte */ = {
			isa = PBXGroup;
			children = (
				CB77B96729511A8D001C0461 /* SwiftByte.entitlements */,
				CB77B95329511653001C0461 /* Info.plist */,
				CB77B98B29511F2F001C0461 /* Helpers */,
				CB77B95A29511722001C0461 /* Resources */,
				CB77B9592951171B001C0461 /* App */,
				CB6B290929521F280078EFD0 /* Views */,
				CB77B9572951170E001C0461 /* Model */,
				CB77B95629511700001C0461 /* ViewModel */,
				CB77B955295116FB001C0461 /* Extensions */,
				CB77B954295116F1001C0461 /* Utilities */,
				CB77B990295125A1001C0461 /* HelperViews */,
				CB77B95829511714001C0461 /* Storage */,
				CB77B92829510F17001C0461 /* Assets.xcassets */,
				CB77B92D29510F17001C0461 /* Persistence.swift */,
				CB77B92F29510F17001C0461 /* SwiftByte.xcdatamodeld */,
				CB77B92A29510F17001C0461 /* Preview Content */,
			);
			path = SwiftByte;
			sourceTree = "<group>";
		};
		CB77B92A29510F17001C0461 /* Preview Content */ = {
			isa = PBXGroup;
			children = (
				CB77B92B29510F17001C0461 /* Preview Assets.xcassets */,
				CB6B290C29521FC50078EFD0 /* SampleModels.swift */,
			);
			path = "Preview Content";
			sourceTree = "<group>";
		};
		CB77B93929510F17001C0461 /* SwiftByteTests */ = {
			isa = PBXGroup;
			children = (
				CB77B93A29510F17001C0461 /* SwiftByteTests.swift */,
			);
			path = SwiftByteTests;
			sourceTree = "<group>";
		};
		CB77B94329510F17001C0461 /* SwiftByteUITests */ = {
			isa = PBXGroup;
			children = (
				CB77B94429510F17001C0461 /* SwiftByteUITests.swift */,
				CB77B94629510F17001C0461 /* SwiftByteUITestsLaunchTests.swift */,
			);
			path = SwiftByteUITests;
			sourceTree = "<group>";
		};
		CB77B954295116F1001C0461 /* Utilities */ = {
			isa = PBXGroup;
			children = (
				CB77B98529511E2F001C0461 /* AppConstants.swift */,
				CB77B98729511E36001C0461 /* AppLocalKeys.swift */,
			);
			path = Utilities;
			sourceTree = "<group>";
		};
		CB77B955295116FB001C0461 /* Extensions */ = {
			isa = PBXGroup;
			children = (
				CB77B98929511E90001C0461 /* UserDefaults+Extension.swift */,
				CB77B99329512604001C0461 /* Font+Extension.swift */,
				CB77B9A729512A1D001C0461 /* View+Extension.swift */,
				CB6B28FF295215990078EFD0 /* Color+Extensions.swift */,
			);
			path = Extensions;
			sourceTree = "<group>";
		};
		CB77B95629511700001C0461 /* ViewModel */ = {
			isa = PBXGroup;
			children = (
				CB77B9C029513192001C0461 /* Firebase */,
				CB77B9B429512EE7001C0461 /* AppSignInAuthenticator.swift */,
				CB77B9B629512F06001C0461 /* AuthenticationViewModel.swift */,
				CB6B290129521A560078EFD0 /* ArticlesStore.swift */,
				CB6B290329521A5E0078EFD0 /* ArticlesViewModel.swift */,
				CB6B290729521BCC0078EFD0 /* ArticleViewModel.swift */,
			);
			path = ViewModel;
			sourceTree = "<group>";
		};
		CB77B9572951170E001C0461 /* Model */ = {
			isa = PBXGroup;
			children = (
				CB77B99B29512689001C0461 /* Custom Types */,
				CB77B99929512653001C0461 /* SBTopic.swift */,
				CB77B9A929512B50001C0461 /* SBUser.swift */,
				CB77B9972951264F001C0461 /* SBArticle.swift */,
				CB77B99529512649001C0461 /* SBGender.swift */,
				CB77B9B229512C05001C0461 /* SBErrors.swift */,
			);
			path = Model;
			sourceTree = "<group>";
		};
		CB77B95829511714001C0461 /* Storage */ = {
			isa = PBXGroup;
			children = (
				CBCCA1B12951DBD6004B0ACC /* AppLocalStorage.swift */,
				CB6B290529521A980078EFD0 /* ArticlesRepository.swift */,
			);
			path = Storage;
			sourceTree = "<group>";
		};
		CB77B9592951171B001C0461 /* App */ = {
			isa = PBXGroup;
			children = (
				CB77B92429510F15001C0461 /* SwiftByteApp.swift */,
				CB77B98329511DE0001C0461 /* AppDelegate.swift */,
				CB77B98E29511F74001C0461 /* SceneDelegate.swift */,
			);
			path = App;
			sourceTree = "<group>";
		};
		CB77B95A29511722001C0461 /* Resources */ = {
			isa = PBXGroup;
			children = (
				CB77B96829511B91001C0461 /* GoogleService-Info.plist */,
			);
			path = Resources;
			sourceTree = "<group>";
		};
		CB77B98B29511F2F001C0461 /* Helpers */ = {
			isa = PBXGroup;
			children = (
				CB77B98C29511F3F001C0461 /* DebugePrinters.swift */,
			);
			path = Helpers;
			sourceTree = "<group>";
		};
		CB77B990295125A1001C0461 /* HelperViews */ = {
			isa = PBXGroup;
			children = (
				CB77B991295125A7001C0461 /* PhotoPickerView.swift */,
			);
			path = HelperViews;
			sourceTree = "<group>";
		};
		CB77B99B29512689001C0461 /* Custom Types */ = {
			isa = PBXGroup;
			children = (
				CB77B9AB29512B81001C0461 /* Firebase */,
				CB77B99C29512694001C0461 /* SBEmailAddress.swift */,
			);
			path = "Custom Types";
			sourceTree = "<group>";
		};
		CB77B9AB29512B81001C0461 /* Firebase */ = {
			isa = PBXGroup;
			children = (
				CB77B9AC29512B96001C0461 /* FirestoreEntity+Protocol.swift */,
				CB77B9B029512BDE001C0461 /* Firestore+Extension.swift */,
				CB77B9AE29512BBE001C0461 /* SBCollectionName.swift */,
			);
			path = Firebase;
			sourceTree = "<group>";
		};
		CB77B9C029513192001C0461 /* Firebase */ = {
			isa = PBXGroup;
			children = (
				CB77B9B829513120001C0461 /* SBFireBaseImageUploader.swift */,
				CB77B9BE2951316E001C0461 /* SBFileExtension.swift */,
				CB77B9BC29513145001C0461 /* SBFBFilePath.swift */,
			);
			path = Firebase;
			sourceTree = "<group>";
		};
/* End PBXGroup section */

/* Begin PBXNativeTarget section */
		CB77B92029510F15001C0461 /* SwiftByte */ = {
			isa = PBXNativeTarget;
			buildConfigurationList = CB77B94A29510F17001C0461 /* Build configuration list for PBXNativeTarget "SwiftByte" */;
			buildPhases = (
				CB77B91D29510F15001C0461 /* Sources */,
				CB77B91E29510F15001C0461 /* Frameworks */,
				CB77B91F29510F15001C0461 /* Resources */,
			);
			buildRules = (
			);
			dependencies = (
			);
			name = SwiftByte;
			packageProductDependencies = (
				CB77B96B29511DBF001C0461 /* FirebaseAnalyticsWithoutAdIdSupport */,
				CB77B96D29511DBF001C0461 /* FirebaseAuth */,
				CB77B96F29511DBF001C0461 /* FirebaseDatabaseSwift */,
				CB77B97129511DBF001C0461 /* FirebaseFirestoreCombine-Community */,
				CB77B97329511DBF001C0461 /* FirebaseFirestoreSwift */,
				CB77B97529511DBF001C0461 /* FirebaseFunctions */,
				CB77B97729511DBF001C0461 /* FirebaseFunctionsCombine-Community */,
				CB77B97929511DBF001C0461 /* FirebaseInAppMessagingSwift-Beta */,
				CB77B97B29511DBF001C0461 /* FirebaseMessaging */,
				CB77B97D29511DBF001C0461 /* FirebaseRemoteConfigSwift */,
				CB77B97F29511DBF001C0461 /* FirebaseStorage */,
				CB77B98129511DBF001C0461 /* FirebaseStorageCombine-Community */,
				CB77B9A12951297D001C0461 /* GoogleSignIn */,
				CB77B9A32951297D001C0461 /* GoogleSignInSwift */,
			);
			productName = SwiftByte;
			productReference = CB77B92129510F15001C0461 /* SwiftByte.app */;
			productType = "com.apple.product-type.application";
		};
		CB77B93529510F17001C0461 /* SwiftByteTests */ = {
			isa = PBXNativeTarget;
			buildConfigurationList = CB77B94D29510F17001C0461 /* Build configuration list for PBXNativeTarget "SwiftByteTests" */;
			buildPhases = (
				CB77B93229510F17001C0461 /* Sources */,
				CB77B93329510F17001C0461 /* Frameworks */,
				CB77B93429510F17001C0461 /* Resources */,
			);
			buildRules = (
			);
			dependencies = (
				CB77B93829510F17001C0461 /* PBXTargetDependency */,
			);
			name = SwiftByteTests;
			productName = SwiftByteTests;
			productReference = CB77B93629510F17001C0461 /* SwiftByteTests.xctest */;
			productType = "com.apple.product-type.bundle.unit-test";
		};
		CB77B93F29510F17001C0461 /* SwiftByteUITests */ = {
			isa = PBXNativeTarget;
			buildConfigurationList = CB77B95029510F17001C0461 /* Build configuration list for PBXNativeTarget "SwiftByteUITests" */;
			buildPhases = (
				CB77B93C29510F17001C0461 /* Sources */,
				CB77B93D29510F17001C0461 /* Frameworks */,
				CB77B93E29510F17001C0461 /* Resources */,
			);
			buildRules = (
			);
			dependencies = (
				CB77B94229510F17001C0461 /* PBXTargetDependency */,
			);
			name = SwiftByteUITests;
			productName = SwiftByteUITests;
			productReference = CB77B94029510F17001C0461 /* SwiftByteUITests.xctest */;
			productType = "com.apple.product-type.bundle.ui-testing";
		};
/* End PBXNativeTarget section */

/* Begin PBXProject section */
		CB77B91929510F15001C0461 /* Project object */ = {
			isa = PBXProject;
			attributes = {
				BuildIndependentTargetsInParallel = 1;
				LastSwiftUpdateCheck = 1420;
				LastUpgradeCheck = 1420;
				TargetAttributes = {
					CB77B92029510F15001C0461 = {
						CreatedOnToolsVersion = 14.2;
					};
					CB77B93529510F17001C0461 = {
						CreatedOnToolsVersion = 14.2;
						TestTargetID = CB77B92029510F15001C0461;
					};
					CB77B93F29510F17001C0461 = {
						CreatedOnToolsVersion = 14.2;
						TestTargetID = CB77B92029510F15001C0461;
					};
				};
			};
			buildConfigurationList = CB77B91C29510F15001C0461 /* Build configuration list for PBXProject "SwiftByte" */;
			compatibilityVersion = "Xcode 14.0";
			developmentRegion = en;
			hasScannedForEncodings = 0;
			knownRegions = (
				en,
				Base,
			);
			mainGroup = CB77B91829510F15001C0461;
			packageReferences = (
				CB77B96A29511DBF001C0461 /* XCRemoteSwiftPackageReference "firebase-ios-sdk" */,
				CB77B9A02951297D001C0461 /* XCRemoteSwiftPackageReference "GoogleSignIn-iOS" */,
			);
			productRefGroup = CB77B92229510F15001C0461 /* Products */;
			projectDirPath = "";
			projectRoot = "";
			targets = (
				CB77B92029510F15001C0461 /* SwiftByte */,
				CB77B93529510F17001C0461 /* SwiftByteTests */,
				CB77B93F29510F17001C0461 /* SwiftByteUITests */,
			);
		};
/* End PBXProject section */

/* Begin PBXResourcesBuildPhase section */
		CB77B91F29510F15001C0461 /* Resources */ = {
			isa = PBXResourcesBuildPhase;
			buildActionMask = 2147483647;
			files = (
				CB77B92C29510F17001C0461 /* Preview Assets.xcassets in Resources */,
				CB77B92929510F17001C0461 /* Assets.xcassets in Resources */,
				CB77B96929511B91001C0461 /* GoogleService-Info.plist in Resources */,
			);
			runOnlyForDeploymentPostprocessing = 0;
		};
		CB77B93429510F17001C0461 /* Resources */ = {
			isa = PBXResourcesBuildPhase;
			buildActionMask = 2147483647;
			files = (
			);
			runOnlyForDeploymentPostprocessing = 0;
		};
		CB77B93E29510F17001C0461 /* Resources */ = {
			isa = PBXResourcesBuildPhase;
			buildActionMask = 2147483647;
			files = (
			);
			runOnlyForDeploymentPostprocessing = 0;
		};
/* End PBXResourcesBuildPhase section */

/* Begin PBXSourcesBuildPhase section */
		CB77B91D29510F15001C0461 /* Sources */ = {
			isa = PBXSourcesBuildPhase;
			buildActionMask = 2147483647;
			files = (
				CB77B98D29511F3F001C0461 /* DebugePrinters.swift in Sources */,
				CB77B98829511E36001C0461 /* AppLocalKeys.swift in Sources */,
				CB77B98429511DE0001C0461 /* AppDelegate.swift in Sources */,
				CB77B9B929513120001C0461 /* SBFireBaseImageUploader.swift in Sources */,
				CB77B99A29512653001C0461 /* SBTopic.swift in Sources */,
				CB77B9982951264F001C0461 /* SBArticle.swift in Sources */,
				CB6B290429521A5E0078EFD0 /* ArticlesViewModel.swift in Sources */,
				CB77B9BF2951316E001C0461 /* SBFileExtension.swift in Sources */,
				CB77B92E29510F17001C0461 /* Persistence.swift in Sources */,
				CB77B9AD29512B96001C0461 /* FirestoreEntity+Protocol.swift in Sources */,
				CB6B290B29521F600078EFD0 /* ArticleRowView.swift in Sources */,
				CB77B9B129512BDE001C0461 /* Firestore+Extension.swift in Sources */,
				CB77B92729510F15001C0461 /* ContentView.swift in Sources */,
				CB6B290829521BCC0078EFD0 /* ArticleViewModel.swift in Sources */,
				CB6B290D29521FC50078EFD0 /* SampleModels.swift in Sources */,
				CB77B92529510F15001C0461 /* SwiftByteApp.swift in Sources */,
				CB77B9B729512F06001C0461 /* AuthenticationViewModel.swift in Sources */,
				CB77B98F29511F74001C0461 /* SceneDelegate.swift in Sources */,
				CB77B9AF29512BBE001C0461 /* SBCollectionName.swift in Sources */,
				CB77B98A29511E90001C0461 /* UserDefaults+Extension.swift in Sources */,
				CB77B99D29512694001C0461 /* SBEmailAddress.swift in Sources */,
				CBCCA1B22951DBD6004B0ACC /* AppLocalStorage.swift in Sources */,
				CB77B9AA29512B50001C0461 /* SBUser.swift in Sources */,
				CB77B95E2951173D001C0461 /* HomeView.swift in Sources */,
				CB6B2900295215990078EFD0 /* Color+Extensions.swift in Sources */,
				CB77B98629511E2F001C0461 /* AppConstants.swift in Sources */,
				CB77B9B529512EE7001C0461 /* AppSignInAuthenticator.swift in Sources */,
				CB77B99629512649001C0461 /* SBGender.swift in Sources */,
				CB77B9BD29513145001C0461 /* SBFBFilePath.swift in Sources */,
				CB77B9622951174A001C0461 /* TopicView.swift in Sources */,
				CB77B93129510F17001C0461 /* SwiftByte.xcdatamodeld in Sources */,
				CB77B99429512604001C0461 /* Font+Extension.swift in Sources */,
				CB77B96029511744001C0461 /* ArticleView.swift in Sources */,
				CB6B290629521A980078EFD0 /* ArticlesRepository.swift in Sources */,
				CB77B992295125A7001C0461 /* PhotoPickerView.swift in Sources */,
				CB77B95C29511735001C0461 /* AuthenticationView.swift in Sources */,
				CB77B9A829512A1D001C0461 /* View+Extension.swift in Sources */,
				CB6B290229521A570078EFD0 /* ArticlesStore.swift in Sources */,
				CB77B9B329512C05001C0461 /* SBErrors.swift in Sources */,
			);
			runOnlyForDeploymentPostprocessing = 0;
		};
		CB77B93229510F17001C0461 /* Sources */ = {
			isa = PBXSourcesBuildPhase;
			buildActionMask = 2147483647;
			files = (
				CB77B93B29510F17001C0461 /* SwiftByteTests.swift in Sources */,
			);
			runOnlyForDeploymentPostprocessing = 0;
		};
		CB77B93C29510F17001C0461 /* Sources */ = {
			isa = PBXSourcesBuildPhase;
			buildActionMask = 2147483647;
			files = (
				CB77B94729510F17001C0461 /* SwiftByteUITestsLaunchTests.swift in Sources */,
				CB77B94529510F17001C0461 /* SwiftByteUITests.swift in Sources */,
			);
			runOnlyForDeploymentPostprocessing = 0;
		};
/* End PBXSourcesBuildPhase section */

/* Begin PBXTargetDependency section */
		CB77B93829510F17001C0461 /* PBXTargetDependency */ = {
			isa = PBXTargetDependency;
			target = CB77B92029510F15001C0461 /* SwiftByte */;
			targetProxy = CB77B93729510F17001C0461 /* PBXContainerItemProxy */;
		};
		CB77B94229510F17001C0461 /* PBXTargetDependency */ = {
			isa = PBXTargetDependency;
			target = CB77B92029510F15001C0461 /* SwiftByte */;
			targetProxy = CB77B94129510F17001C0461 /* PBXContainerItemProxy */;
		};
/* End PBXTargetDependency section */

/* Begin XCBuildConfiguration section */
		CB77B94829510F17001C0461 /* Debug */ = {
			isa = XCBuildConfiguration;
			buildSettings = {
				ALWAYS_SEARCH_USER_PATHS = NO;
				CLANG_ANALYZER_NONNULL = YES;
				CLANG_ANALYZER_NUMBER_OBJECT_CONVERSION = YES_AGGRESSIVE;
				CLANG_CXX_LANGUAGE_STANDARD = "gnu++20";
				CLANG_ENABLE_MODULES = YES;
				CLANG_ENABLE_OBJC_ARC = YES;
				CLANG_ENABLE_OBJC_WEAK = YES;
				CLANG_WARN_BLOCK_CAPTURE_AUTORELEASING = YES;
				CLANG_WARN_BOOL_CONVERSION = YES;
				CLANG_WARN_COMMA = YES;
				CLANG_WARN_CONSTANT_CONVERSION = YES;
				CLANG_WARN_DEPRECATED_OBJC_IMPLEMENTATIONS = YES;
				CLANG_WARN_DIRECT_OBJC_ISA_USAGE = YES_ERROR;
				CLANG_WARN_DOCUMENTATION_COMMENTS = YES;
				CLANG_WARN_EMPTY_BODY = YES;
				CLANG_WARN_ENUM_CONVERSION = YES;
				CLANG_WARN_INFINITE_RECURSION = YES;
				CLANG_WARN_INT_CONVERSION = YES;
				CLANG_WARN_NON_LITERAL_NULL_CONVERSION = YES;
				CLANG_WARN_OBJC_IMPLICIT_RETAIN_SELF = YES;
				CLANG_WARN_OBJC_LITERAL_CONVERSION = YES;
				CLANG_WARN_OBJC_ROOT_CLASS = YES_ERROR;
				CLANG_WARN_QUOTED_INCLUDE_IN_FRAMEWORK_HEADER = YES;
				CLANG_WARN_RANGE_LOOP_ANALYSIS = YES;
				CLANG_WARN_STRICT_PROTOTYPES = YES;
				CLANG_WARN_SUSPICIOUS_MOVE = YES;
				CLANG_WARN_UNGUARDED_AVAILABILITY = YES_AGGRESSIVE;
				CLANG_WARN_UNREACHABLE_CODE = YES;
				CLANG_WARN__DUPLICATE_METHOD_MATCH = YES;
				COPY_PHASE_STRIP = NO;
				DEBUG_INFORMATION_FORMAT = dwarf;
				ENABLE_STRICT_OBJC_MSGSEND = YES;
				ENABLE_TESTABILITY = YES;
				GCC_C_LANGUAGE_STANDARD = gnu11;
				GCC_DYNAMIC_NO_PIC = NO;
				GCC_NO_COMMON_BLOCKS = YES;
				GCC_OPTIMIZATION_LEVEL = 0;
				GCC_PREPROCESSOR_DEFINITIONS = (
					"DEBUG=1",
					"$(inherited)",
				);
				GCC_WARN_64_TO_32_BIT_CONVERSION = YES;
				GCC_WARN_ABOUT_RETURN_TYPE = YES_ERROR;
				GCC_WARN_UNDECLARED_SELECTOR = YES;
				GCC_WARN_UNINITIALIZED_AUTOS = YES_AGGRESSIVE;
				GCC_WARN_UNUSED_FUNCTION = YES;
				GCC_WARN_UNUSED_VARIABLE = YES;
				IPHONEOS_DEPLOYMENT_TARGET = 16.2;
				MTL_ENABLE_DEBUG_INFO = INCLUDE_SOURCE;
				MTL_FAST_MATH = YES;
				ONLY_ACTIVE_ARCH = YES;
				SDKROOT = iphoneos;
				SWIFT_ACTIVE_COMPILATION_CONDITIONS = DEBUG;
				SWIFT_OPTIMIZATION_LEVEL = "-Onone";
			};
			name = Debug;
		};
		CB77B94929510F17001C0461 /* Release */ = {
			isa = XCBuildConfiguration;
			buildSettings = {
				ALWAYS_SEARCH_USER_PATHS = NO;
				CLANG_ANALYZER_NONNULL = YES;
				CLANG_ANALYZER_NUMBER_OBJECT_CONVERSION = YES_AGGRESSIVE;
				CLANG_CXX_LANGUAGE_STANDARD = "gnu++20";
				CLANG_ENABLE_MODULES = YES;
				CLANG_ENABLE_OBJC_ARC = YES;
				CLANG_ENABLE_OBJC_WEAK = YES;
				CLANG_WARN_BLOCK_CAPTURE_AUTORELEASING = YES;
				CLANG_WARN_BOOL_CONVERSION = YES;
				CLANG_WARN_COMMA = YES;
				CLANG_WARN_CONSTANT_CONVERSION = YES;
				CLANG_WARN_DEPRECATED_OBJC_IMPLEMENTATIONS = YES;
				CLANG_WARN_DIRECT_OBJC_ISA_USAGE = YES_ERROR;
				CLANG_WARN_DOCUMENTATION_COMMENTS = YES;
				CLANG_WARN_EMPTY_BODY = YES;
				CLANG_WARN_ENUM_CONVERSION = YES;
				CLANG_WARN_INFINITE_RECURSION = YES;
				CLANG_WARN_INT_CONVERSION = YES;
				CLANG_WARN_NON_LITERAL_NULL_CONVERSION = YES;
				CLANG_WARN_OBJC_IMPLICIT_RETAIN_SELF = YES;
				CLANG_WARN_OBJC_LITERAL_CONVERSION = YES;
				CLANG_WARN_OBJC_ROOT_CLASS = YES_ERROR;
				CLANG_WARN_QUOTED_INCLUDE_IN_FRAMEWORK_HEADER = YES;
				CLANG_WARN_RANGE_LOOP_ANALYSIS = YES;
				CLANG_WARN_STRICT_PROTOTYPES = YES;
				CLANG_WARN_SUSPICIOUS_MOVE = YES;
				CLANG_WARN_UNGUARDED_AVAILABILITY = YES_AGGRESSIVE;
				CLANG_WARN_UNREACHABLE_CODE = YES;
				CLANG_WARN__DUPLICATE_METHOD_MATCH = YES;
				COPY_PHASE_STRIP = NO;
				DEBUG_INFORMATION_FORMAT = "dwarf-with-dsym";
				ENABLE_NS_ASSERTIONS = NO;
				ENABLE_STRICT_OBJC_MSGSEND = YES;
				GCC_C_LANGUAGE_STANDARD = gnu11;
				GCC_NO_COMMON_BLOCKS = YES;
				GCC_WARN_64_TO_32_BIT_CONVERSION = YES;
				GCC_WARN_ABOUT_RETURN_TYPE = YES_ERROR;
				GCC_WARN_UNDECLARED_SELECTOR = YES;
				GCC_WARN_UNINITIALIZED_AUTOS = YES_AGGRESSIVE;
				GCC_WARN_UNUSED_FUNCTION = YES;
				GCC_WARN_UNUSED_VARIABLE = YES;
				IPHONEOS_DEPLOYMENT_TARGET = 16.2;
				MTL_ENABLE_DEBUG_INFO = NO;
				MTL_FAST_MATH = YES;
				SDKROOT = iphoneos;
				SWIFT_COMPILATION_MODE = wholemodule;
				SWIFT_OPTIMIZATION_LEVEL = "-O";
				VALIDATE_PRODUCT = YES;
			};
			name = Release;
		};
		CB77B94B29510F17001C0461 /* Debug */ = {
			isa = XCBuildConfiguration;
			buildSettings = {
				ASSETCATALOG_COMPILER_APPICON_NAME = AppIcon;
				ASSETCATALOG_COMPILER_GLOBAL_ACCENT_COLOR_NAME = AccentColor;
				CODE_SIGN_ENTITLEMENTS = SwiftByte/SwiftByte.entitlements;
				CODE_SIGN_STYLE = Automatic;
				CURRENT_PROJECT_VERSION = 1;
				DEVELOPMENT_ASSET_PATHS = "\"SwiftByte/Preview Content\"";
				DEVELOPMENT_TEAM = 6V9B6LUW22;
				ENABLE_PREVIEWS = YES;
				GENERATE_INFOPLIST_FILE = YES;
				INFOPLIST_FILE = SwiftByte/Info.plist;
				INFOPLIST_KEY_UIApplicationSceneManifest_Generation = YES;
				INFOPLIST_KEY_UIApplicationSupportsIndirectInputEvents = YES;
				INFOPLIST_KEY_UILaunchScreen_Generation = YES;
				INFOPLIST_KEY_UISupportedInterfaceOrientations_iPad = "UIInterfaceOrientationPortrait UIInterfaceOrientationPortraitUpsideDown UIInterfaceOrientationLandscapeLeft UIInterfaceOrientationLandscapeRight";
				INFOPLIST_KEY_UISupportedInterfaceOrientations_iPhone = "UIInterfaceOrientationPortrait UIInterfaceOrientationLandscapeLeft UIInterfaceOrientationLandscapeRight";
				LD_RUNPATH_SEARCH_PATHS = (
					"$(inherited)",
					"@executable_path/Frameworks",
				);
				MARKETING_VERSION = 1.0;
				PRODUCT_BUNDLE_IDENTIFIER = com.abc.incs.cedricbahirwe.SwiftByte;
				PRODUCT_NAME = "$(TARGET_NAME)";
				SWIFT_EMIT_LOC_STRINGS = YES;
				SWIFT_VERSION = 5.0;
				TARGETED_DEVICE_FAMILY = "1,2";
			};
			name = Debug;
		};
		CB77B94C29510F17001C0461 /* Release */ = {
			isa = XCBuildConfiguration;
			buildSettings = {
				ASSETCATALOG_COMPILER_APPICON_NAME = AppIcon;
				ASSETCATALOG_COMPILER_GLOBAL_ACCENT_COLOR_NAME = AccentColor;
				CODE_SIGN_ENTITLEMENTS = SwiftByte/SwiftByte.entitlements;
				CODE_SIGN_STYLE = Automatic;
				CURRENT_PROJECT_VERSION = 1;
				DEVELOPMENT_ASSET_PATHS = "\"SwiftByte/Preview Content\"";
				DEVELOPMENT_TEAM = 6V9B6LUW22;
				ENABLE_PREVIEWS = YES;
				GENERATE_INFOPLIST_FILE = YES;
				INFOPLIST_FILE = SwiftByte/Info.plist;
				INFOPLIST_KEY_UIApplicationSceneManifest_Generation = YES;
				INFOPLIST_KEY_UIApplicationSupportsIndirectInputEvents = YES;
				INFOPLIST_KEY_UILaunchScreen_Generation = YES;
				INFOPLIST_KEY_UISupportedInterfaceOrientations_iPad = "UIInterfaceOrientationPortrait UIInterfaceOrientationPortraitUpsideDown UIInterfaceOrientationLandscapeLeft UIInterfaceOrientationLandscapeRight";
				INFOPLIST_KEY_UISupportedInterfaceOrientations_iPhone = "UIInterfaceOrientationPortrait UIInterfaceOrientationLandscapeLeft UIInterfaceOrientationLandscapeRight";
				LD_RUNPATH_SEARCH_PATHS = (
					"$(inherited)",
					"@executable_path/Frameworks",
				);
				MARKETING_VERSION = 1.0;
				PRODUCT_BUNDLE_IDENTIFIER = com.abc.incs.cedricbahirwe.SwiftByte;
				PRODUCT_NAME = "$(TARGET_NAME)";
				SWIFT_EMIT_LOC_STRINGS = YES;
				SWIFT_VERSION = 5.0;
				TARGETED_DEVICE_FAMILY = "1,2";
			};
			name = Release;
		};
		CB77B94E29510F17001C0461 /* Debug */ = {
			isa = XCBuildConfiguration;
			buildSettings = {
				ALWAYS_EMBED_SWIFT_STANDARD_LIBRARIES = YES;
				BUNDLE_LOADER = "$(TEST_HOST)";
				CODE_SIGN_STYLE = Automatic;
				CURRENT_PROJECT_VERSION = 1;
				DEVELOPMENT_TEAM = 6V9B6LUW22;
				GENERATE_INFOPLIST_FILE = YES;
				IPHONEOS_DEPLOYMENT_TARGET = 16.2;
				MARKETING_VERSION = 1.0;
				PRODUCT_BUNDLE_IDENTIFIER = com.abc.incs.cedricbahirwe.SwiftByteTests;
				PRODUCT_NAME = "$(TARGET_NAME)";
				SWIFT_EMIT_LOC_STRINGS = NO;
				SWIFT_VERSION = 5.0;
				TARGETED_DEVICE_FAMILY = "1,2";
				TEST_HOST = "$(BUILT_PRODUCTS_DIR)/SwiftByte.app/$(BUNDLE_EXECUTABLE_FOLDER_PATH)/SwiftByte";
			};
			name = Debug;
		};
		CB77B94F29510F17001C0461 /* Release */ = {
			isa = XCBuildConfiguration;
			buildSettings = {
				ALWAYS_EMBED_SWIFT_STANDARD_LIBRARIES = YES;
				BUNDLE_LOADER = "$(TEST_HOST)";
				CODE_SIGN_STYLE = Automatic;
				CURRENT_PROJECT_VERSION = 1;
				DEVELOPMENT_TEAM = 6V9B6LUW22;
				GENERATE_INFOPLIST_FILE = YES;
				IPHONEOS_DEPLOYMENT_TARGET = 16.2;
				MARKETING_VERSION = 1.0;
				PRODUCT_BUNDLE_IDENTIFIER = com.abc.incs.cedricbahirwe.SwiftByteTests;
				PRODUCT_NAME = "$(TARGET_NAME)";
				SWIFT_EMIT_LOC_STRINGS = NO;
				SWIFT_VERSION = 5.0;
				TARGETED_DEVICE_FAMILY = "1,2";
				TEST_HOST = "$(BUILT_PRODUCTS_DIR)/SwiftByte.app/$(BUNDLE_EXECUTABLE_FOLDER_PATH)/SwiftByte";
			};
			name = Release;
		};
		CB77B95129510F17001C0461 /* Debug */ = {
			isa = XCBuildConfiguration;
			buildSettings = {
				ALWAYS_EMBED_SWIFT_STANDARD_LIBRARIES = YES;
				CODE_SIGN_STYLE = Automatic;
				CURRENT_PROJECT_VERSION = 1;
				DEVELOPMENT_TEAM = 6V9B6LUW22;
				GENERATE_INFOPLIST_FILE = YES;
				MARKETING_VERSION = 1.0;
				PRODUCT_BUNDLE_IDENTIFIER = com.abc.incs.cedricbahirwe.SwiftByteUITests;
				PRODUCT_NAME = "$(TARGET_NAME)";
				SWIFT_EMIT_LOC_STRINGS = NO;
				SWIFT_VERSION = 5.0;
				TARGETED_DEVICE_FAMILY = "1,2";
				TEST_TARGET_NAME = SwiftByte;
			};
			name = Debug;
		};
		CB77B95229510F17001C0461 /* Release */ = {
			isa = XCBuildConfiguration;
			buildSettings = {
				ALWAYS_EMBED_SWIFT_STANDARD_LIBRARIES = YES;
				CODE_SIGN_STYLE = Automatic;
				CURRENT_PROJECT_VERSION = 1;
				DEVELOPMENT_TEAM = 6V9B6LUW22;
				GENERATE_INFOPLIST_FILE = YES;
				MARKETING_VERSION = 1.0;
				PRODUCT_BUNDLE_IDENTIFIER = com.abc.incs.cedricbahirwe.SwiftByteUITests;
				PRODUCT_NAME = "$(TARGET_NAME)";
				SWIFT_EMIT_LOC_STRINGS = NO;
				SWIFT_VERSION = 5.0;
				TARGETED_DEVICE_FAMILY = "1,2";
				TEST_TARGET_NAME = SwiftByte;
			};
			name = Release;
		};
/* End XCBuildConfiguration section */

/* Begin XCConfigurationList section */
		CB77B91C29510F15001C0461 /* Build configuration list for PBXProject "SwiftByte" */ = {
			isa = XCConfigurationList;
			buildConfigurations = (
				CB77B94829510F17001C0461 /* Debug */,
				CB77B94929510F17001C0461 /* Release */,
			);
			defaultConfigurationIsVisible = 0;
			defaultConfigurationName = Release;
		};
		CB77B94A29510F17001C0461 /* Build configuration list for PBXNativeTarget "SwiftByte" */ = {
			isa = XCConfigurationList;
			buildConfigurations = (
				CB77B94B29510F17001C0461 /* Debug */,
				CB77B94C29510F17001C0461 /* Release */,
			);
			defaultConfigurationIsVisible = 0;
			defaultConfigurationName = Release;
		};
		CB77B94D29510F17001C0461 /* Build configuration list for PBXNativeTarget "SwiftByteTests" */ = {
			isa = XCConfigurationList;
			buildConfigurations = (
				CB77B94E29510F17001C0461 /* Debug */,
				CB77B94F29510F17001C0461 /* Release */,
			);
			defaultConfigurationIsVisible = 0;
			defaultConfigurationName = Release;
		};
		CB77B95029510F17001C0461 /* Build configuration list for PBXNativeTarget "SwiftByteUITests" */ = {
			isa = XCConfigurationList;
			buildConfigurations = (
				CB77B95129510F17001C0461 /* Debug */,
				CB77B95229510F17001C0461 /* Release */,
			);
			defaultConfigurationIsVisible = 0;
			defaultConfigurationName = Release;
		};
/* End XCConfigurationList section */

/* Begin XCRemoteSwiftPackageReference section */
		CB77B96A29511DBF001C0461 /* XCRemoteSwiftPackageReference "firebase-ios-sdk" */ = {
			isa = XCRemoteSwiftPackageReference;
			repositoryURL = "https://github.com/firebase/firebase-ios-sdk.git";
			requirement = {
				kind = upToNextMajorVersion;
				minimumVersion = 9.0.0;
			};
		};
		CB77B9A02951297D001C0461 /* XCRemoteSwiftPackageReference "GoogleSignIn-iOS" */ = {
			isa = XCRemoteSwiftPackageReference;
			repositoryURL = "https://github.com/google/GoogleSignIn-iOS";
			requirement = {
				kind = upToNextMajorVersion;
				minimumVersion = 7.0.0;
			};
		};
/* End XCRemoteSwiftPackageReference section */

/* Begin XCSwiftPackageProductDependency section */
		CB77B96B29511DBF001C0461 /* FirebaseAnalyticsWithoutAdIdSupport */ = {
			isa = XCSwiftPackageProductDependency;
			package = CB77B96A29511DBF001C0461 /* XCRemoteSwiftPackageReference "firebase-ios-sdk" */;
			productName = FirebaseAnalyticsWithoutAdIdSupport;
		};
		CB77B96D29511DBF001C0461 /* FirebaseAuth */ = {
			isa = XCSwiftPackageProductDependency;
			package = CB77B96A29511DBF001C0461 /* XCRemoteSwiftPackageReference "firebase-ios-sdk" */;
			productName = FirebaseAuth;
		};
		CB77B96F29511DBF001C0461 /* FirebaseDatabaseSwift */ = {
			isa = XCSwiftPackageProductDependency;
			package = CB77B96A29511DBF001C0461 /* XCRemoteSwiftPackageReference "firebase-ios-sdk" */;
			productName = FirebaseDatabaseSwift;
		};
		CB77B97129511DBF001C0461 /* FirebaseFirestoreCombine-Community */ = {
			isa = XCSwiftPackageProductDependency;
			package = CB77B96A29511DBF001C0461 /* XCRemoteSwiftPackageReference "firebase-ios-sdk" */;
			productName = "FirebaseFirestoreCombine-Community";
		};
		CB77B97329511DBF001C0461 /* FirebaseFirestoreSwift */ = {
			isa = XCSwiftPackageProductDependency;
			package = CB77B96A29511DBF001C0461 /* XCRemoteSwiftPackageReference "firebase-ios-sdk" */;
			productName = FirebaseFirestoreSwift;
		};
		CB77B97529511DBF001C0461 /* FirebaseFunctions */ = {
			isa = XCSwiftPackageProductDependency;
			package = CB77B96A29511DBF001C0461 /* XCRemoteSwiftPackageReference "firebase-ios-sdk" */;
			productName = FirebaseFunctions;
		};
		CB77B97729511DBF001C0461 /* FirebaseFunctionsCombine-Community */ = {
			isa = XCSwiftPackageProductDependency;
			package = CB77B96A29511DBF001C0461 /* XCRemoteSwiftPackageReference "firebase-ios-sdk" */;
			productName = "FirebaseFunctionsCombine-Community";
		};
		CB77B97929511DBF001C0461 /* FirebaseInAppMessagingSwift-Beta */ = {
			isa = XCSwiftPackageProductDependency;
			package = CB77B96A29511DBF001C0461 /* XCRemoteSwiftPackageReference "firebase-ios-sdk" */;
			productName = "FirebaseInAppMessagingSwift-Beta";
		};
		CB77B97B29511DBF001C0461 /* FirebaseMessaging */ = {
			isa = XCSwiftPackageProductDependency;
			package = CB77B96A29511DBF001C0461 /* XCRemoteSwiftPackageReference "firebase-ios-sdk" */;
			productName = FirebaseMessaging;
		};
		CB77B97D29511DBF001C0461 /* FirebaseRemoteConfigSwift */ = {
			isa = XCSwiftPackageProductDependency;
			package = CB77B96A29511DBF001C0461 /* XCRemoteSwiftPackageReference "firebase-ios-sdk" */;
			productName = FirebaseRemoteConfigSwift;
		};
		CB77B97F29511DBF001C0461 /* FirebaseStorage */ = {
			isa = XCSwiftPackageProductDependency;
			package = CB77B96A29511DBF001C0461 /* XCRemoteSwiftPackageReference "firebase-ios-sdk" */;
			productName = FirebaseStorage;
		};
		CB77B98129511DBF001C0461 /* FirebaseStorageCombine-Community */ = {
			isa = XCSwiftPackageProductDependency;
			package = CB77B96A29511DBF001C0461 /* XCRemoteSwiftPackageReference "firebase-ios-sdk" */;
			productName = "FirebaseStorageCombine-Community";
		};
		CB77B9A12951297D001C0461 /* GoogleSignIn */ = {
			isa = XCSwiftPackageProductDependency;
			package = CB77B9A02951297D001C0461 /* XCRemoteSwiftPackageReference "GoogleSignIn-iOS" */;
			productName = GoogleSignIn;
		};
		CB77B9A32951297D001C0461 /* GoogleSignInSwift */ = {
			isa = XCSwiftPackageProductDependency;
			package = CB77B9A02951297D001C0461 /* XCRemoteSwiftPackageReference "GoogleSignIn-iOS" */;
			productName = GoogleSignInSwift;
		};
/* End XCSwiftPackageProductDependency section */

/* Begin XCVersionGroup section */
		CB77B92F29510F17001C0461 /* SwiftByte.xcdatamodeld */ = {
			isa = XCVersionGroup;
			children = (
				CB77B93029510F17001C0461 /* SwiftByte.xcdatamodel */,
			);
			currentVersion = CB77B93029510F17001C0461 /* SwiftByte.xcdatamodel */;
			path = SwiftByte.xcdatamodeld;
			sourceTree = "<group>";
			versionGroupType = wrapper.xcdatamodel;
		};
/* End XCVersionGroup section */
	};
	rootObject = CB77B91929510F15001C0461 /* Project object */;
}
